
Microsoft Visual Studio Solution File, Format Version 12.00
# Visual Studio Version 17
VisualStudioVersion = 17.5.002.0
MinimumVisualStudioVersion = 10.0.40219.1
Project("{9A19103F-16F7-4668-BE54-9A1E7A4F7556}") = "FazendaUrbana", "FazendaUrbana.csproj", "{28ADEDBE-A673-4386-A103-E8E3CC1B858C}"
EndProject
Global
	GlobalSection(SolutionConfigurationPlatforms) = preSolution
		Debug|Any CPU = Debug|Any CPU
		Release|Any CPU = Release|Any CPU
	EndGlobalSection
	GlobalSection(ProjectConfigurationPlatforms) = postSolution
		{28ADEDBE-A673-4386-A103-E8E3CC1B858C}.Debug|Any CPU.ActiveCfg = Debug|Any CPU
		{28ADEDBE-A673-4386-A103-E8E3CC1B858C}.Debug|Any CPU.Build.0 = Debug|Any CPU
		{28ADEDBE-A673-4386-A103-E8E3CC1B858C}.Release|Any CPU.ActiveCfg = Release|Any CPU
		{28ADEDBE-A673-4386-A103-E8E3CC1B858C}.Release|Any CPU.Build.0 = Release|Any CPU
	EndGlobalSection
	GlobalSection(SolutionProperties) = preSolution
		HideSolutionNode = FALSE
	EndGlobalSection
	GlobalSection(ExtensibilityGlobals) = postSolution
		SolutionGuid = {8BF99632-63B8-49BD-AD07-9554A2782CAE}
	EndGlobalSection
EndGlobal
